
Microsoft Visual Studio Solution File, Format Version 12.00
# Visual Studio Version 17
VisualStudioVersion = 17.5.2.0
MinimumVisualStudioVersion = 10.0.40219.1
Project("{FAE04EC0-301F-11D3-BF4B-00C04F79EFBC}") = "PdfDownloader", "PdfDownloader.csproj", "{876F351C-A303-2993-4DDB-C86F5B94C7E6}"
EndProject
Project("{FAE04EC0-301F-11D3-BF4B-00C04F79EFBC}") = "PdfDownloader.Tests", "PdfDownloader.Tests\PdfDownloader.Tests.csproj", "{73B342F4-83D7-4EC9-BC64-EF5ACDA3DF8B}"
EndProject
Global
	GlobalSection(SolutionConfigurationPlatforms) = preSolution
		Debug|Any CPU = Debug|Any CPU
		Debug|x64 = Debug|x64
		Debug|x86 = Debug|x86
		Release|Any CPU = Release|Any CPU
		Release|x64 = Release|x64
		Release|x86 = Release|x86
	EndGlobalSection
	GlobalSection(ProjectConfigurationPlatforms) = postSolution
		{876F351C-A303-2993-4DDB-C86F5B94C7E6}.Debug|Any CPU.ActiveCfg = Debug|Any CPU
		{876F351C-A303-2993-4DDB-C86F5B94C7E6}.Debug|Any CPU.Build.0 = Debug|Any CPU
		{876F351C-A303-2993-4DDB-C86F5B94C7E6}.Debug|x64.ActiveCfg = Debug|Any CPU
		{876F351C-A303-2993-4DDB-C86F5B94C7E6}.Debug|x64.Build.0 = Debug|Any CPU
		{876F351C-A303-2993-4DDB-C86F5B94C7E6}.Debug|x86.ActiveCfg = Debug|Any CPU
		{876F351C-A303-2993-4DDB-C86F5B94C7E6}.Debug|x86.Build.0 = Debug|Any CPU
		{876F351C-A303-2993-4DDB-C86F5B94C7E6}.Release|Any CPU.ActiveCfg = Release|Any CPU
		{876F351C-A303-2993-4DDB-C86F5B94C7E6}.Release|Any CPU.Build.0 = Release|Any CPU
		{876F351C-A303-2993-4DDB-C86F5B94C7E6}.Release|x64.ActiveCfg = Release|Any CPU
		{876F351C-A303-2993-4DDB-C86F5B94C7E6}.Release|x64.Build.0 = Release|Any CPU
		{876F351C-A303-2993-4DDB-C86F5B94C7E6}.Release|x86.ActiveCfg = Release|Any CPU
		{876F351C-A303-2993-4DDB-C86F5B94C7E6}.Release|x86.Build.0 = Release|Any CPU
		{73B342F4-83D7-4EC9-BC64-EF5ACDA3DF8B}.Debug|Any CPU.ActiveCfg = Debug|Any CPU
		{73B342F4-83D7-4EC9-BC64-EF5ACDA3DF8B}.Debug|Any CPU.Build.0 = Debug|Any CPU
		{73B342F4-83D7-4EC9-BC64-EF5ACDA3DF8B}.Debug|x64.ActiveCfg = Debug|Any CPU
		{73B342F4-83D7-4EC9-BC64-EF5ACDA3DF8B}.Debug|x64.Build.0 = Debug|Any CPU
		{73B342F4-83D7-4EC9-BC64-EF5ACDA3DF8B}.Debug|x86.ActiveCfg = Debug|Any CPU
		{73B342F4-83D7-4EC9-BC64-EF5ACDA3DF8B}.Debug|x86.Build.0 = Debug|Any CPU
		{73B342F4-83D7-4EC9-BC64-EF5ACDA3DF8B}.Release|Any CPU.ActiveCfg = Release|Any CPU
		{73B342F4-83D7-4EC9-BC64-EF5ACDA3DF8B}.Release|Any CPU.Build.0 = Release|Any CPU
		{73B342F4-83D7-4EC9-BC64-EF5ACDA3DF8B}.Release|x64.ActiveCfg = Release|Any CPU
		{73B342F4-83D7-4EC9-BC64-EF5ACDA3DF8B}.Release|x64.Build.0 = Release|Any CPU
		{73B342F4-83D7-4EC9-BC64-EF5ACDA3DF8B}.Release|x86.ActiveCfg = Release|Any CPU
		{73B342F4-83D7-4EC9-BC64-EF5ACDA3DF8B}.Release|x86.Build.0 = Release|Any CPU
	EndGlobalSection
	GlobalSection(SolutionProperties) = preSolution
		HideSolutionNode = FALSE
	EndGlobalSection
	GlobalSection(ExtensibilityGlobals) = postSolution
		SolutionGuid = {92A06F03-66A9-471E-93F3-3B097B285189}
	EndGlobalSection
EndGlobal
